
Microsoft Visual Studio Solution File, Format Version 12.00
# Visual Studio Version 17
VisualStudioVersion = 17.8.34601.278
MinimumVisualStudioVersion = 10.0.40219.1
Project("{9A19103F-16F7-4668-BE54-9A1E7A4F7556}") = "DatabaseRepositoryWebTemplateEntityFramework", "DatabaseRepositoryWebTemplateEntityFramework\DatabaseRepositoryWebTemplateEntityFramework.csproj", "{2D913C5F-3A59-4A10-A459-430C2C0A910A}"
EndProject
Project("{9A19103F-16F7-4668-BE54-9A1E7A4F7556}") = "DBLib", "DBLib\DBLib.csproj", "{C62DF56C-002A-4F99-982A-6068027A3D89}"
EndProject
Project("{FAE04EC0-301F-11D3-BF4B-00C04F79EFBC}") = "DemoConsoleAP", "DemoConsoleAP\DemoConsoleAP.csproj", "{13601D3D-9A18-4FC0-8DE1-3B93C71A611F}"
EndProject
Global
	GlobalSection(SolutionConfigurationPlatforms) = preSolution
		Debug|Any CPU = Debug|Any CPU
		Release|Any CPU = Release|Any CPU
	EndGlobalSection
	GlobalSection(ProjectConfigurationPlatforms) = postSolution
		{2D913C5F-3A59-4A10-A459-430C2C0A910A}.Debug|Any CPU.ActiveCfg = Debug|Any CPU
		{2D913C5F-3A59-4A10-A459-430C2C0A910A}.Debug|Any CPU.Build.0 = Debug|Any CPU
		{2D913C5F-3A59-4A10-A459-430C2C0A910A}.Release|Any CPU.ActiveCfg = Release|Any CPU
		{2D913C5F-3A59-4A10-A459-430C2C0A910A}.Release|Any CPU.Build.0 = Release|Any CPU
		{C62DF56C-002A-4F99-982A-6068027A3D89}.Debug|Any CPU.ActiveCfg = Debug|Any CPU
		{C62DF56C-002A-4F99-982A-6068027A3D89}.Debug|Any CPU.Build.0 = Debug|Any CPU
		{C62DF56C-002A-4F99-982A-6068027A3D89}.Release|Any CPU.ActiveCfg = Release|Any CPU
		{C62DF56C-002A-4F99-982A-6068027A3D89}.Release|Any CPU.Build.0 = Release|Any CPU
		{13601D3D-9A18-4FC0-8DE1-3B93C71A611F}.Debug|Any CPU.ActiveCfg = Debug|Any CPU
		{13601D3D-9A18-4FC0-8DE1-3B93C71A611F}.Debug|Any CPU.Build.0 = Debug|Any CPU
		{13601D3D-9A18-4FC0-8DE1-3B93C71A611F}.Release|Any CPU.ActiveCfg = Release|Any CPU
		{13601D3D-9A18-4FC0-8DE1-3B93C71A611F}.Release|Any CPU.Build.0 = Release|Any CPU
	EndGlobalSection
	GlobalSection(SolutionProperties) = preSolution
		HideSolutionNode = FALSE
	EndGlobalSection
	GlobalSection(ExtensibilityGlobals) = postSolution
		SolutionGuid = {9827B804-9AB9-4DFE-B7FE-9386FA0E03AF}
	EndGlobalSection
EndGlobal
